
Microsoft Visual Studio Solution File, Format Version 12.00
# Visual Studio Version 17
VisualStudioVersion = 17.5.002.0
MinimumVisualStudioVersion = 10.0.40219.1
Project("{9A19103F-16F7-4668-BE54-9A1E7A4F7556}") = "Executable", "Executable\Executable.csproj", "{13C1850B-3A10-433D-97C5-0D60F9FB07E6}"
EndProject
Project("{2150E333-8FDC-42A3-9474-1A3956D46DE8}") = "News", "News", "{C59244D5-BF32-4D38-A812-BB8A5B389D8F}"
EndProject
Project("{9A19103F-16F7-4668-BE54-9A1E7A4F7556}") = "News.Api", "News\News.Api\News.Api.csproj", "{0E18AA7E-8494-4DCF-BEBF-CBA6588A6A78}"
EndProject
Project("{9A19103F-16F7-4668-BE54-9A1E7A4F7556}") = "News.Clients", "News\News.Clients\News.Clients.csproj", "{98D3C00D-219B-4971-AB34-329134576B67}"
EndProject
Project("{9A19103F-16F7-4668-BE54-9A1E7A4F7556}") = "News.Web", "News\News.Web\News.Web.csproj", "{F116B677-F7B5-489A-99BE-79BCC0549103}"
EndProject
Project("{2150E333-8FDC-42A3-9474-1A3956D46DE8}") = "Core", "Core", "{425E84ED-8500-4DE3-B7AC-53A49574DAD0}"
EndProject
Project("{FAE04EC0-301F-11D3-BF4B-00C04F79EFBC}") = "Core.Api", "Core\Core.Api\Core.Api.csproj", "{20FB5648-A247-4D62-A48A-DAC52138E7A4}"
EndProject
Project("{FAE04EC0-301F-11D3-BF4B-00C04F79EFBC}") = "Core.Web", "Core\Core.Web\Core.Web.csproj", "{3A3C4B78-FC6C-445C-A59C-17574D8B3DE1}"
EndProject
Project("{FAE04EC0-301F-11D3-BF4B-00C04F79EFBC}") = "Core.Domain", "Core\Core.Domain\Core.Domain.csproj", "{34AEC4E8-9D1C-47FD-AA11-33132A3D7A08}"
EndProject
Project("{2150E333-8FDC-42A3-9474-1A3956D46DE8}") = "Records", "Records", "{B5F43D80-0CCE-4AB6-B3E5-8A0AC2D42862}"
EndProject
Project("{FAE04EC0-301F-11D3-BF4B-00C04F79EFBC}") = "Records.Domain", "Records\Records.Domain\Records.Domain.csproj", "{F196B2D6-D807-42C6-B74E-C8862310A970}"
EndProject
Project("{FAE04EC0-301F-11D3-BF4B-00C04F79EFBC}") = "Records.Data", "Records\Records.Data\Records.Data.csproj", "{2480A231-26E3-49C5-9EC4-08C46F0DD93D}"
EndProject
Project("{FAE04EC0-301F-11D3-BF4B-00C04F79EFBC}") = "Records.Api", "Records\Records.Api\Records.Api.csproj", "{FC2DE65B-8AC5-4004-93D9-3C6B2B2A985D}"
EndProject
Project("{FAE04EC0-301F-11D3-BF4B-00C04F79EFBC}") = "Records.Web", "Records\Records.Web\Records.Web.csproj", "{24653B81-A113-4AFC-B7E6-E19DD743A571}"
EndProject
Global
	GlobalSection(SolutionConfigurationPlatforms) = preSolution
		Debug|Any CPU = Debug|Any CPU
		Release|Any CPU = Release|Any CPU
	EndGlobalSection
	GlobalSection(ProjectConfigurationPlatforms) = postSolution
		{13C1850B-3A10-433D-97C5-0D60F9FB07E6}.Debug|Any CPU.ActiveCfg = Debug|Any CPU
		{13C1850B-3A10-433D-97C5-0D60F9FB07E6}.Debug|Any CPU.Build.0 = Debug|Any CPU
		{13C1850B-3A10-433D-97C5-0D60F9FB07E6}.Release|Any CPU.ActiveCfg = Release|Any CPU
		{13C1850B-3A10-433D-97C5-0D60F9FB07E6}.Release|Any CPU.Build.0 = Release|Any CPU
		{0E18AA7E-8494-4DCF-BEBF-CBA6588A6A78}.Debug|Any CPU.ActiveCfg = Debug|Any CPU
		{0E18AA7E-8494-4DCF-BEBF-CBA6588A6A78}.Debug|Any CPU.Build.0 = Debug|Any CPU
		{0E18AA7E-8494-4DCF-BEBF-CBA6588A6A78}.Release|Any CPU.ActiveCfg = Release|Any CPU
		{0E18AA7E-8494-4DCF-BEBF-CBA6588A6A78}.Release|Any CPU.Build.0 = Release|Any CPU
		{98D3C00D-219B-4971-AB34-329134576B67}.Debug|Any CPU.ActiveCfg = Debug|Any CPU
		{98D3C00D-219B-4971-AB34-329134576B67}.Debug|Any CPU.Build.0 = Debug|Any CPU
		{98D3C00D-219B-4971-AB34-329134576B67}.Release|Any CPU.ActiveCfg = Release|Any CPU
		{98D3C00D-219B-4971-AB34-329134576B67}.Release|Any CPU.Build.0 = Release|Any CPU
		{F116B677-F7B5-489A-99BE-79BCC0549103}.Debug|Any CPU.ActiveCfg = Debug|Any CPU
		{F116B677-F7B5-489A-99BE-79BCC0549103}.Debug|Any CPU.Build.0 = Debug|Any CPU
		{F116B677-F7B5-489A-99BE-79BCC0549103}.Release|Any CPU.ActiveCfg = Release|Any CPU
		{F116B677-F7B5-489A-99BE-79BCC0549103}.Release|Any CPU.Build.0 = Release|Any CPU
		{20FB5648-A247-4D62-A48A-DAC52138E7A4}.Debug|Any CPU.ActiveCfg = Debug|Any CPU
		{20FB5648-A247-4D62-A48A-DAC52138E7A4}.Debug|Any CPU.Build.0 = Debug|Any CPU
		{20FB5648-A247-4D62-A48A-DAC52138E7A4}.Release|Any CPU.ActiveCfg = Release|Any CPU
		{20FB5648-A247-4D62-A48A-DAC52138E7A4}.Release|Any CPU.Build.0 = Release|Any CPU
		{3A3C4B78-FC6C-445C-A59C-17574D8B3DE1}.Debug|Any CPU.ActiveCfg = Debug|Any CPU
		{3A3C4B78-FC6C-445C-A59C-17574D8B3DE1}.Debug|Any CPU.Build.0 = Debug|Any CPU
		{3A3C4B78-FC6C-445C-A59C-17574D8B3DE1}.Release|Any CPU.ActiveCfg = Release|Any CPU
		{3A3C4B78-FC6C-445C-A59C-17574D8B3DE1}.Release|Any CPU.Build.0 = Release|Any CPU
		{34AEC4E8-9D1C-47FD-AA11-33132A3D7A08}.Debug|Any CPU.ActiveCfg = Debug|Any CPU
		{34AEC4E8-9D1C-47FD-AA11-33132A3D7A08}.Debug|Any CPU.Build.0 = Debug|Any CPU
		{34AEC4E8-9D1C-47FD-AA11-33132A3D7A08}.Release|Any CPU.ActiveCfg = Release|Any CPU
		{34AEC4E8-9D1C-47FD-AA11-33132A3D7A08}.Release|Any CPU.Build.0 = Release|Any CPU
		{F196B2D6-D807-42C6-B74E-C8862310A970}.Debug|Any CPU.ActiveCfg = Debug|Any CPU
		{F196B2D6-D807-42C6-B74E-C8862310A970}.Debug|Any CPU.Build.0 = Debug|Any CPU
		{F196B2D6-D807-42C6-B74E-C8862310A970}.Release|Any CPU.ActiveCfg = Release|Any CPU
		{F196B2D6-D807-42C6-B74E-C8862310A970}.Release|Any CPU.Build.0 = Release|Any CPU
		{2480A231-26E3-49C5-9EC4-08C46F0DD93D}.Debug|Any CPU.ActiveCfg = Debug|Any CPU
		{2480A231-26E3-49C5-9EC4-08C46F0DD93D}.Debug|Any CPU.Build.0 = Debug|Any CPU
		{2480A231-26E3-49C5-9EC4-08C46F0DD93D}.Release|Any CPU.ActiveCfg = Release|Any CPU
		{2480A231-26E3-49C5-9EC4-08C46F0DD93D}.Release|Any CPU.Build.0 = Release|Any CPU
		{FC2DE65B-8AC5-4004-93D9-3C6B2B2A985D}.Debug|Any CPU.ActiveCfg = Debug|Any CPU
		{FC2DE65B-8AC5-4004-93D9-3C6B2B2A985D}.Debug|Any CPU.Build.0 = Debug|Any CPU
		{FC2DE65B-8AC5-4004-93D9-3C6B2B2A985D}.Release|Any CPU.ActiveCfg = Release|Any CPU
		{FC2DE65B-8AC5-4004-93D9-3C6B2B2A985D}.Release|Any CPU.Build.0 = Release|Any CPU
		{24653B81-A113-4AFC-B7E6-E19DD743A571}.Debug|Any CPU.ActiveCfg = Debug|Any CPU
		{24653B81-A113-4AFC-B7E6-E19DD743A571}.Debug|Any CPU.Build.0 = Debug|Any CPU
		{24653B81-A113-4AFC-B7E6-E19DD743A571}.Release|Any CPU.ActiveCfg = Release|Any CPU
		{24653B81-A113-4AFC-B7E6-E19DD743A571}.Release|Any CPU.Build.0 = Release|Any CPU
	EndGlobalSection
	GlobalSection(SolutionProperties) = preSolution
		HideSolutionNode = FALSE
	EndGlobalSection
	GlobalSection(NestedProjects) = preSolution
		{0E18AA7E-8494-4DCF-BEBF-CBA6588A6A78} = {C59244D5-BF32-4D38-A812-BB8A5B389D8F}
		{98D3C00D-219B-4971-AB34-329134576B67} = {C59244D5-BF32-4D38-A812-BB8A5B389D8F}
		{F116B677-F7B5-489A-99BE-79BCC0549103} = {C59244D5-BF32-4D38-A812-BB8A5B389D8F}
		{20FB5648-A247-4D62-A48A-DAC52138E7A4} = {425E84ED-8500-4DE3-B7AC-53A49574DAD0}
		{3A3C4B78-FC6C-445C-A59C-17574D8B3DE1} = {425E84ED-8500-4DE3-B7AC-53A49574DAD0}
		{34AEC4E8-9D1C-47FD-AA11-33132A3D7A08} = {425E84ED-8500-4DE3-B7AC-53A49574DAD0}
		{F196B2D6-D807-42C6-B74E-C8862310A970} = {B5F43D80-0CCE-4AB6-B3E5-8A0AC2D42862}
		{2480A231-26E3-49C5-9EC4-08C46F0DD93D} = {B5F43D80-0CCE-4AB6-B3E5-8A0AC2D42862}
		{FC2DE65B-8AC5-4004-93D9-3C6B2B2A985D} = {B5F43D80-0CCE-4AB6-B3E5-8A0AC2D42862}
		{24653B81-A113-4AFC-B7E6-E19DD743A571} = {B5F43D80-0CCE-4AB6-B3E5-8A0AC2D42862}
	EndGlobalSection
	GlobalSection(ExtensibilityGlobals) = postSolution
		SolutionGuid = {C6655BC9-52D9-4E58-A815-D3C3510C8D7F}
	EndGlobalSection
EndGlobal
